PODS:
  - Masonry (1.1.0)
  - MJExtension (3.4.0)

DEPENDENCIES:
  - Masonry
  - MJExtension

SPEC REPOS:
  trunk:
    - Masonry
    - MJExtension

SPEC CHECKSUMS:
  Masonry: 678fab65091a9290e40e2832a55e7ab731aad201
  MJExtension: 6c15c7b93398447252c0defdb8d69d02d218a41e

PODFILE CHECKSUM: f4af9b247b711902218b5aa39edd923d0af06a2a

COCOAPODS: 1.12.1
