// !$*UTF8*$!
{
	archiveVersion = 1;
	classes = {
	};
	objectVersion = 56;
	objects = {

/* Begin PBXBuildFile section */
		A80266762B5F95CA00A34D3A /* NSImage+ZCUtil.m in Sources */ = {isa = PBXBuildFile; fileRef = A80266752B5F95CA00A34D3A /* NSImage+ZCUtil.m */; };
		A8629D392B367360008AD376 /* ZCDateFormatterUtil.m in Sources */ = {isa = PBXBuildFile; fileRef = A8629D382B367360008AD376 /* ZCDateFormatterUtil.m */; };
		A8629D3D2B36A8AA008AD376 /* ZCAppPackageHandler.m in Sources */ = {isa = PBXBuildFile; fileRef = A8629D3C2B36A8AA008AD376 /* ZCAppPackageHandler.m */; };
		A8629D402B36BA76008AD376 /* ZCRunLoop.m in Sources */ = {isa = PBXBuildFile; fileRef = A8629D3F2B36BA76008AD376 /* ZCRunLoop.m */; };
		A8629D432B36E137008AD376 /* ZCManuaQueue.m in Sources */ = {isa = PBXBuildFile; fileRef = A8629D422B36E137008AD376 /* ZCManuaQueue.m */; };
		A8629D462B39A4B5008AD376 /* PlatformRowView.m in Sources */ = {isa = PBXBuildFile; fileRef = A8629D452B39A4B5008AD376 /* PlatformRowView.m */; };
		A8629D482B39A7BE008AD376 /* PlatformRowView.xib in Resources */ = {isa = PBXBuildFile; fileRef = A8629D472B39A7BE008AD376 /* PlatformRowView.xib */; };
		A8629D4D2B3A86B1008AD376 /* ZCDataUtil.m in Sources */ = {isa = PBXBuildFile; fileRef = A8629D4C2B3A86B1008AD376 /* ZCDataUtil.m */; };
		A8691B552B4B940F0051CF5C /* ZCAppIconModel.m in Sources */ = {isa = PBXBuildFile; fileRef = A8691B542B4B940F0051CF5C /* ZCAppIconModel.m */; };
		A8691B582B4B9AEF0051CF5C /* BaseModel.m in Sources */ = {isa = PBXBuildFile; fileRef = A8691B562B4B9AEF0051CF5C /* BaseModel.m */; };
		A87F65D62B3147C900CF380B /* AppDelegate.m in Sources */ = {isa = PBXBuildFile; fileRef = A87F65D52B3147C900CF380B /* AppDelegate.m */; };
		A87F65D92B3147C900CF380B /* ViewController.m in Sources */ = {isa = PBXBuildFile; fileRef = A87F65D82B3147C900CF380B /* ViewController.m */; };
		A87F65DB2B3147CA00CF380B /* Assets.xcassets in Resources */ = {isa = PBXBuildFile; fileRef = A87F65DA2B3147CA00CF380B /* Assets.xcassets */; };
		A87F65DE2B3147CA00CF380B /* Main.storyboard in Resources */ = {isa = PBXBuildFile; fileRef = A87F65DC2B3147CA00CF380B /* Main.storyboard */; };
		A87F65E02B3147CA00CF380B /* main.m in Sources */ = {isa = PBXBuildFile; fileRef = A87F65DF2B3147CA00CF380B /* main.m */; };
		A87F65F22B356DB900CF380B /* ZCFileHelper.m in Sources */ = {isa = PBXBuildFile; fileRef = A87F65F12B356DB900CF380B /* ZCFileHelper.m */; };
		A87F65F82B357F9500CF380B /* ZCProvisioningProfile.m in Sources */ = {isa = PBXBuildFile; fileRef = A87F65F72B357F9500CF380B /* ZCProvisioningProfile.m */; };
		A898F9F82B43E39B00942F69 /* ZCPlatformModel.m in Sources */ = {isa = PBXBuildFile; fileRef = A898F9F72B43E39B00942F69 /* ZCPlatformModel.m */; };
		A898FA052B46DBC100942F69 /* ZCLocalData.plist in Resources */ = {isa = PBXBuildFile; fileRef = A898FA042B46DBC100942F69 /* ZCLocalData.plist */; };
		A8A278282B6CD296005EB8C8 /* ZCTemp.Bundle in Resources */ = {isa = PBXBuildFile; fileRef = A8A278272B6CD296005EB8C8 /* ZCTemp.Bundle */; };
		A8A2782C2B6DD302005EB8C8 /* NSView+ZCUtil.m in Sources */ = {isa = PBXBuildFile; fileRef = A8A2782B2B6DD302005EB8C8 /* NSView+ZCUtil.m */; };
		A8A2782F2B6DD66C005EB8C8 /* ZCMainView.m in Sources */ = {isa = PBXBuildFile; fileRef = A8A2782E2B6DD66C005EB8C8 /* ZCMainView.m */; };
		E271572E63ED81F94933C5B3 /* libPods-ChannelResignTool.a in Frameworks */ = {isa = PBXBuildFile; fileRef = 306058E42C335E3CFB25C154 /* libPods-ChannelResignTool.a */; };
/* End PBXBuildFile section */

/* Begin PBXFileReference section */
		306058E42C335E3CFB25C154 /* libPods-ChannelResignTool.a */ = {isa = PBXFileReference; explicitFileType = archive.ar; includeInIndex = 0; path = "libPods-ChannelResignTool.a"; sourceTree = BUILT_PRODUCTS_DIR; };
		A80266742B5F95CA00A34D3A /* NSImage+ZCUtil.h */ = {isa = PBXFileReference; lastKnownFileType = sourcecode.c.h; path = "NSImage+ZCUtil.h"; sourceTree = "<group>"; };
		A80266752B5F95CA00A34D3A /* NSImage+ZCUtil.m */ = {isa = PBXFileReference; lastKnownFileType = sourcecode.c.objc; path = "NSImage+ZCUtil.m"; sourceTree = "<group>"; };
		A8629D372B367360008AD376 /* ZCDateFormatterUtil.h */ = {isa = PBXFileReference; lastKnownFileType = sourcecode.c.h; path = ZCDateFormatterUtil.h; sourceTree = "<group>"; };
		A8629D382B367360008AD376 /* ZCDateFormatterUtil.m */ = {isa = PBXFileReference; lastKnownFileType = sourcecode.c.objc; path = ZCDateFormatterUtil.m; sourceTree = "<group>"; };
		A8629D3B2B36A8AA008AD376 /* ZCAppPackageHandler.h */ = {isa = PBXFileReference; lastKnownFileType = sourcecode.c.h; path = ZCAppPackageHandler.h; sourceTree = "<group>"; };
		A8629D3C2B36A8AA008AD376 /* ZCAppPackageHandler.m */ = {isa = PBXFileReference; lastKnownFileType = sourcecode.c.objc; path = ZCAppPackageHandler.m; sourceTree = "<group>"; };
		A8629D3E2B36BA76008AD376 /* ZCRunLoop.h */ = {isa = PBXFileReference; lastKnownFileType = sourcecode.c.h; path = ZCRunLoop.h; sourceTree = "<group>"; };
		A8629D3F2B36BA76008AD376 /* ZCRunLoop.m */ = {isa = PBXFileReference; lastKnownFileType = sourcecode.c.objc; path = ZCRunLoop.m; sourceTree = "<group>"; };
		A8629D412B36E137008AD376 /* ZCManuaQueue.h */ = {isa = PBXFileReference; lastKnownFileType = sourcecode.c.h; path = ZCManuaQueue.h; sourceTree = "<group>"; };
		A8629D422B36E137008AD376 /* ZCManuaQueue.m */ = {isa = PBXFileReference; lastKnownFileType = sourcecode.c.objc; path = ZCManuaQueue.m; sourceTree = "<group>"; };
		A8629D442B39A4B5008AD376 /* PlatformRowView.h */ = {isa = PBXFileReference; lastKnownFileType = sourcecode.c.h; path = PlatformRowView.h; sourceTree = "<group>"; };
		A8629D452B39A4B5008AD376 /* PlatformRowView.m */ = {isa = PBXFileReference; lastKnownFileType = sourcecode.c.objc; path = PlatformRowView.m; sourceTree = "<group>"; };
		A8629D472B39A7BE008AD376 /* PlatformRowView.xib */ = {isa = PBXFileReference; lastKnownFileType = file.xib; path = PlatformRowView.xib; sourceTree = "<group>"; };
		A8629D4B2B3A86B1008AD376 /* ZCDataUtil.h */ = {isa = PBXFileReference; lastKnownFileType = sourcecode.c.h; path = ZCDataUtil.h; sourceTree = "<group>"; };
		A8629D4C2B3A86B1008AD376 /* ZCDataUtil.m */ = {isa = PBXFileReference; lastKnownFileType = sourcecode.c.objc; path = ZCDataUtil.m; sourceTree = "<group>"; };
		A8691B532B4B940F0051CF5C /* ZCAppIconModel.h */ = {isa = PBXFileReference; lastKnownFileType = sourcecode.c.h; path = ZCAppIconModel.h; sourceTree = "<group>"; };
		A8691B542B4B940F0051CF5C /* ZCAppIconModel.m */ = {isa = PBXFileReference; lastKnownFileType = sourcecode.c.objc; path = ZCAppIconModel.m; sourceTree = "<group>"; };
		A8691B562B4B9AEF0051CF5C /* BaseModel.m */ = {isa = PBXFileReference; fileEncoding = 4; lastKnownFileType = sourcecode.c.objc; path = BaseModel.m; sourceTree = "<group>"; };
		A8691B572B4B9AEF0051CF5C /* BaseModel.h */ = {isa = PBXFileReference; fileEncoding = 4; lastKnownFileType = sourcecode.c.h; path = BaseModel.h; sourceTree = "<group>"; };
		A87F65D12B3147C900CF380B /* ChannelResignTool.app */ = {isa = PBXFileReference; explicitFileType = wrapper.application; includeInIndex = 0; path = ChannelResignTool.app; sourceTree = BUILT_PRODUCTS_DIR; };
		A87F65D42B3147C900CF380B /* AppDelegate.h */ = {isa = PBXFileReference; lastKnownFileType = sourcecode.c.h; path = AppDelegate.h; sourceTree = "<group>"; };
		A87F65D52B3147C900CF380B /* AppDelegate.m */ = {isa = PBXFileReference; lastKnownFileType = sourcecode.c.objc; path = AppDelegate.m; sourceTree = "<group>"; };
		A87F65D72B3147C900CF380B /* ViewController.h */ = {isa = PBXFileReference; lastKnownFileType = sourcecode.c.h; path = ViewController.h; sourceTree = "<group>"; };
		A87F65D82B3147C900CF380B /* ViewController.m */ = {isa = PBXFileReference; lastKnownFileType = sourcecode.c.objc; path = ViewController.m; sourceTree = "<group>"; };
		A87F65DA2B3147CA00CF380B /* Assets.xcassets */ = {isa = PBXFileReference; lastKnownFileType = folder.assetcatalog; path = Assets.xcassets; sourceTree = "<group>"; };
		A87F65DD2B3147CA00CF380B /* Base */ = {isa = PBXFileReference; lastKnownFileType = file.storyboard; name = Base; path = Base.lproj/Main.storyboard; sourceTree = "<group>"; };
		A87F65DF2B3147CA00CF380B /* main.m */ = {isa = PBXFileReference; lastKnownFileType = sourcecode.c.objc; path = main.m; sourceTree = "<group>"; };
		A87F65E12B3147CA00CF380B /* ChannelResignTool.entitlements */ = {isa = PBXFileReference; lastKnownFileType = text.plist.entitlements; path = ChannelResignTool.entitlements; sourceTree = "<group>"; };
		A87F65F02B356DB900CF380B /* ZCFileHelper.h */ = {isa = PBXFileReference; lastKnownFileType = sourcecode.c.h; path = ZCFileHelper.h; sourceTree = "<group>"; };
		A87F65F12B356DB900CF380B /* ZCFileHelper.m */ = {isa = PBXFileReference; lastKnownFileType = sourcecode.c.objc; path = ZCFileHelper.m; sourceTree = "<group>"; };
		A87F65F62B357F9500CF380B /* ZCProvisioningProfile.h */ = {isa = PBXFileReference; lastKnownFileType = sourcecode.c.h; path = ZCProvisioningProfile.h; sourceTree = "<group>"; };
		A87F65F72B357F9500CF380B /* ZCProvisioningProfile.m */ = {isa = PBXFileReference; lastKnownFileType = sourcecode.c.objc; path = ZCProvisioningProfile.m; sourceTree = "<group>"; };
		A898F9F62B43E39B00942F69 /* ZCPlatformModel.h */ = {isa = PBXFileReference; lastKnownFileType = sourcecode.c.h; path = ZCPlatformModel.h; sourceTree = "<group>"; };
		A898F9F72B43E39B00942F69 /* ZCPlatformModel.m */ = {isa = PBXFileReference; lastKnownFileType = sourcecode.c.objc; path = ZCPlatformModel.m; sourceTree = "<group>"; };
		A898FA042B46DBC100942F69 /* ZCLocalData.plist */ = {isa = PBXFileReference; fileEncoding = 4; lastKnownFileType = text.plist.xml; path = ZCLocalData.plist; sourceTree = "<group>"; };
		A8A278272B6CD296005EB8C8 /* ZCTemp.Bundle */ = {isa = PBXFileReference; lastKnownFileType = "wrapper.plug-in"; path = ZCTemp.Bundle; sourceTree = "<group>"; };
		A8A2782A2B6DD302005EB8C8 /* NSView+ZCUtil.h */ = {isa = PBXFileReference; lastKnownFileType = sourcecode.c.h; path = "NSView+ZCUtil.h"; sourceTree = "<group>"; };
		A8A2782B2B6DD302005EB8C8 /* NSView+ZCUtil.m */ = {isa = PBXFileReference; lastKnownFileType = sourcecode.c.objc; path = "NSView+ZCUtil.m"; sourceTree = "<group>"; };
		A8A2782D2B6DD66C005EB8C8 /* ZCMainView.h */ = {isa = PBXFileReference; lastKnownFileType = sourcecode.c.h; path = ZCMainView.h; sourceTree = "<group>"; };
		A8A2782E2B6DD66C005EB8C8 /* ZCMainView.m */ = {isa = PBXFileReference; lastKnownFileType = sourcecode.c.objc; path = ZCMainView.m; sourceTree = "<group>"; };
		AAC1D8F0AFF9DB3AE2FC8C82 /* Pods-ChannelResignTool.release.xcconfig */ = {isa = PBXFileReference; includeInIndex = 1; lastKnownFileType = text.xcconfig; name = "Pods-ChannelResignTool.release.xcconfig"; path = "Target Support Files/Pods-ChannelResignTool/Pods-ChannelResignTool.release.xcconfig"; sourceTree = "<group>"; };
		C73809A0133C20B527560E97 /* Pods-ChannelResignTool.debug.xcconfig */ = {isa = PBXFileReference; includeInIndex = 1; lastKnownFileType = text.xcconfig; name = "Pods-ChannelResignTool.debug.xcconfig"; path = "Target Support Files/Pods-ChannelResignTool/Pods-ChannelResignTool.debug.xcconfig"; sourceTree = "<group>"; };
/* End PBXFileReference section */

/* Begin PBXFrameworksBuildPhase section */
		A87F65CE2B3147C900CF380B /* Frameworks */ = {
			isa = PBXFrameworksBuildPhase;
			buildActionMask = 2147483647;
			files = (
				E271572E63ED81F94933C5B3 /* libPods-ChannelResignTool.a in Frameworks */,
			);
			runOnlyForDeploymentPostprocessing = 0;
		};
/* End PBXFrameworksBuildPhase section */

/* Begin PBXGroup section */
		76604C35DEBC98A7466FCA78 /* Frameworks */ = {
			isa = PBXGroup;
			children = (
				306058E42C335E3CFB25C154 /* libPods-ChannelResignTool.a */,
			);
			name = Frameworks;
			sourceTree = "<group>";
		};
		A8629D3A2B36A87B008AD376 /* Factory */ = {
			isa = PBXGroup;
			children = (
				A8629D3B2B36A8AA008AD376 /* ZCAppPackageHandler.h */,
				A8629D3C2B36A8AA008AD376 /* ZCAppPackageHandler.m */,
			);
			path = Factory;
			sourceTree = "<group>";
		};
		A8629D4A2B3A6A65008AD376 /* UI */ = {
			isa = PBXGroup;
			children = (
				A87F65DC2B3147CA00CF380B /* Main.storyboard */,
				A87F65D72B3147C900CF380B /* ViewController.h */,
				A87F65D82B3147C900CF380B /* ViewController.m */,
				A8629D442B39A4B5008AD376 /* PlatformRowView.h */,
				A8629D452B39A4B5008AD376 /* PlatformRowView.m */,
				A8629D472B39A7BE008AD376 /* PlatformRowView.xib */,
				A8A2782D2B6DD66C005EB8C8 /* ZCMainView.h */,
				A8A2782E2B6DD66C005EB8C8 /* ZCMainView.m */,
			);
			path = UI;
			sourceTree = "<group>";
		};
		A87F65C82B3147C900CF380B = {
			isa = PBXGroup;
			children = (
				A87F65D32B3147C900CF380B /* ChannelResignTool */,
				A87F65D22B3147C900CF380B /* Products */,
				AE7701AEB5BFC9A5C1CF8DF5 /* Pods */,
				76604C35DEBC98A7466FCA78 /* Frameworks */,
			);
			sourceTree = "<group>";
		};
		A87F65D22B3147C900CF380B /* Products */ = {
			isa = PBXGroup;
			children = (
				A87F65D12B3147C900CF380B /* ChannelResignTool.app */,
			);
			name = Products;
			sourceTree = "<group>";
		};
		A87F65D32B3147C900CF380B /* ChannelResignTool */ = {
			isa = PBXGroup;
			children = (
				A8629D4A2B3A6A65008AD376 /* UI */,
				A8629D3A2B36A87B008AD376 /* Factory */,
				A87F65F42B357F4D00CF380B /* Entity */,
				A87F65EF2B356D8300CF380B /* Util */,
				A87F65D42B3147C900CF380B /* AppDelegate.h */,
				A87F65D52B3147C900CF380B /* AppDelegate.m */,
				A87F65DA2B3147CA00CF380B /* Assets.xcassets */,
				A87F65DF2B3147CA00CF380B /* main.m */,
				A87F65E12B3147CA00CF380B /* ChannelResignTool.entitlements */,
				A8A278272B6CD296005EB8C8 /* ZCTemp.Bundle */,
			);
			path = ChannelResignTool;
			sourceTree = "<group>";
		};
		A87F65EF2B356D8300CF380B /* Util */ = {
			isa = PBXGroup;
			children = (
				A87F65F02B356DB900CF380B /* ZCFileHelper.h */,
				A87F65F12B356DB900CF380B /* ZCFileHelper.m */,
				A8629D372B367360008AD376 /* ZCDateFormatterUtil.h */,
				A8629D382B367360008AD376 /* ZCDateFormatterUtil.m */,
				A8629D3E2B36BA76008AD376 /* ZCRunLoop.h */,
				A8629D3F2B36BA76008AD376 /* ZCRunLoop.m */,
				A8629D412B36E137008AD376 /* ZCManuaQueue.h */,
				A8629D422B36E137008AD376 /* ZCManuaQueue.m */,
				A8629D4B2B3A86B1008AD376 /* ZCDataUtil.h */,
				A8629D4C2B3A86B1008AD376 /* ZCDataUtil.m */,
				A80266742B5F95CA00A34D3A /* NSImage+ZCUtil.h */,
				A80266752B5F95CA00A34D3A /* NSImage+ZCUtil.m */,
				A8A2782A2B6DD302005EB8C8 /* NSView+ZCUtil.h */,
				A8A2782B2B6DD302005EB8C8 /* NSView+ZCUtil.m */,
			);
			path = Util;
			sourceTree = "<group>";
		};
		A87F65F42B357F4D00CF380B /* Entity */ = {
			isa = PBXGroup;
			children = (
				A87F65F62B357F9500CF380B /* ZCProvisioningProfile.h */,
				A87F65F72B357F9500CF380B /* ZCProvisioningProfile.m */,
				A898F9F62B43E39B00942F69 /* ZCPlatformModel.h */,
				A898F9F72B43E39B00942F69 /* ZCPlatformModel.m */,
				A898FA042B46DBC100942F69 /* ZCLocalData.plist */,
				A8691B532B4B940F0051CF5C /* ZCAppIconModel.h */,
				A8691B542B4B940F0051CF5C /* ZCAppIconModel.m */,
				A8691B572B4B9AEF0051CF5C /* BaseModel.h */,
				A8691B562B4B9AEF0051CF5C /* BaseModel.m */,
			);
			path = Entity;
			sourceTree = "<group>";
		};
		AE7701AEB5BFC9A5C1CF8DF5 /* Pods */ = {
			isa = PBXGroup;
			children = (
				C73809A0133C20B527560E97 /* Pods-ChannelResignTool.debug.xcconfig */,
				AAC1D8F0AFF9DB3AE2FC8C82 /* Pods-ChannelResignTool.release.xcconfig */,
			);
			path = Pods;
			sourceTree = "<group>";
		};
/* End PBXGroup section */

/* Begin PBXNativeTarget section */
		A87F65D02B3147C900CF380B /* ChannelResignTool */ = {
			isa = PBXNativeTarget;
			buildConfigurationList = A87F65E42B3147CA00CF380B /* Build configuration list for PBXNativeTarget "ChannelResignTool" */;
			buildPhases = (
				D6D7F69084329C5C690894BC /* [CP] Check Pods Manifest.lock */,
				A87F65CD2B3147C900CF380B /* Sources */,
				A87F65CE2B3147C900CF380B /* Frameworks */,
				A87F65CF2B3147C900CF380B /* Resources */,
			);
			buildRules = (
			);
			dependencies = (
			);
			name = ChannelResignTool;
			productName = ChannelResignTool;
			productReference = A87F65D12B3147C900CF380B /* ChannelResignTool.app */;
			productType = "com.apple.product-type.application";
		};
/* End PBXNativeTarget section */

/* Begin PBXProject section */
		A87F65C92B3147C900CF380B /* Project object */ = {
			isa = PBXProject;
			attributes = {
				LastUpgradeCheck = 1400;
				TargetAttributes = {
					A87F65D02B3147C900CF380B = {
						CreatedOnToolsVersion = 14.0.1;
					};
				};
			};
			buildConfigurationList = A87F65CC2B3147C900CF380B /* Build configuration list for PBXProject "ChannelResignTool" */;
			compatibilityVersion = "Xcode 14.0";
			developmentRegion = en;
			hasScannedForEncodings = 0;
			knownRegions = (
				en,
				Base,
			);
			mainGroup = A87F65C82B3147C900CF380B;
			productRefGroup = A87F65D22B3147C900CF380B /* Products */;
			projectDirPath = "";
			projectRoot = "";
			targets = (
				A87F65D02B3147C900CF380B /* ChannelResignTool */,
			);
		};
/* End PBXProject section */

/* Begin PBXResourcesBuildPhase section */
		A87F65CF2B3147C900CF380B /* Resources */ = {
			isa = PBXResourcesBuildPhase;
			buildActionMask = 2147483647;
			files = (
				A8A278282B6CD296005EB8C8 /* ZCTemp.Bundle in Resources */,
				A87F65DB2B3147CA00CF380B /* Assets.xcassets in Resources */,
				A898FA052B46DBC100942F69 /* ZCLocalData.plist in Resources */,
				A8629D482B39A7BE008AD376 /* PlatformRowView.xib in Resources */,
				A87F65DE2B3147CA00CF380B /* Main.storyboard in Resources */,
			);
			runOnlyForDeploymentPostprocessing = 0;
		};
/* End PBXResourcesBuildPhase section */

/* Begin PBXShellScriptBuildPhase section */
		D6D7F69084329C5C690894BC /* [CP] Check Pods Manifest.lock */ = {
			isa = PBXShellScriptBuildPhase;
			buildActionMask = 2147483647;
			files = (
			);
			inputFileListPaths = (
			);
			inputPaths = (
				"${PODS_PODFILE_DIR_PATH}/Podfile.lock",
				"${PODS_ROOT}/Manifest.lock",
			);
			name = "[CP] Check Pods Manifest.lock";
			outputFileListPaths = (
			);
			outputPaths = (
				"$(DERIVED_FILE_DIR)/Pods-ChannelResignTool-checkManifestLockResult.txt",
			);
			runOnlyForDeploymentPostprocessing = 0;
			shellPath = /bin/sh;
			shellScript = "diff \"${PODS_PODFILE_DIR_PATH}/Podfile.lock\" \"${PODS_ROOT}/Manifest.lock\" > /dev/null\nif [ $? != 0 ] ; then\n    # print error to STDERR\n    echo \"error: The sandbox is not in sync with the Podfile.lock. Run 'pod install' or update your CocoaPods installation.\" >&2\n    exit 1\nfi\n# This output is used by Xcode 'outputs' to avoid re-running this script phase.\necho \"SUCCESS\" > \"${SCRIPT_OUTPUT_FILE_0}\"\n";
			showEnvVarsInLog = 0;
		};
/* End PBXShellScriptBuildPhase section */

/* Begin PBXSourcesBuildPhase section */
		A87F65CD2B3147C900CF380B /* Sources */ = {
			isa = PBXSourcesBuildPhase;
			buildActionMask = 2147483647;
			files = (
				A80266762B5F95CA00A34D3A /* NSImage+ZCUtil.m in Sources */,
				A8629D432B36E137008AD376 /* ZCManuaQueue.m in Sources */,
				A87F65F82B357F9500CF380B /* ZCProvisioningProfile.m in Sources */,
				A8A2782F2B6DD66C005EB8C8 /* ZCMainView.m in Sources */,
				A8629D4D2B3A86B1008AD376 /* ZCDataUtil.m in Sources */,
				A87F65D92B3147C900CF380B /* ViewController.m in Sources */,
				A8691B552B4B940F0051CF5C /* ZCAppIconModel.m in Sources */,
				A8629D402B36BA76008AD376 /* ZCRunLoop.m in Sources */,
				A8629D462B39A4B5008AD376 /* PlatformRowView.m in Sources */,
				A898F9F82B43E39B00942F69 /* ZCPlatformModel.m in Sources */,
				A87F65E02B3147CA00CF380B /* main.m in Sources */,
				A8629D392B367360008AD376 /* ZCDateFormatterUtil.m in Sources */,
				A8691B582B4B9AEF0051CF5C /* BaseModel.m in Sources */,
				A8A2782C2B6DD302005EB8C8 /* NSView+ZCUtil.m in Sources */,
				A87F65F22B356DB900CF380B /* ZCFileHelper.m in Sources */,
				A87F65D62B3147C900CF380B /* AppDelegate.m in Sources */,
				A8629D3D2B36A8AA008AD376 /* ZCAppPackageHandler.m in Sources */,
			);
			runOnlyForDeploymentPostprocessing = 0;
		};
/* End PBXSourcesBuildPhase section */

/* Begin PBXVariantGroup section */
		A87F65DC2B3147CA00CF380B /* Main.storyboard */ = {
			isa = PBXVariantGroup;
			children = (
				A87F65DD2B3147CA00CF380B /* Base */,
			);
			name = Main.storyboard;
			sourceTree = "<group>";
		};
/* End PBXVariantGroup section */

/* Begin XCBuildConfiguration section */
		A87F65E22B3147CA00CF380B /* Debug */ = {
			isa = XCBuildConfiguration;
			buildSettings = {
				ALWAYS_SEARCH_USER_PATHS = NO;
				CLANG_ANALYZER_NONNULL = YES;
				CLANG_ANALYZER_NUMBER_OBJECT_CONVERSION = YES_AGGRESSIVE;
				CLANG_CXX_LANGUAGE_STANDARD = "gnu++20";
				CLANG_ENABLE_MODULES = YES;
				CLANG_ENABLE_OBJC_ARC = YES;
				CLANG_ENABLE_OBJC_WEAK = YES;
				CLANG_WARN_BLOCK_CAPTURE_AUTORELEASING = YES;
				CLANG_WARN_BOOL_CONVERSION = YES;
				CLANG_WARN_COMMA = YES;
				CLANG_WARN_CONSTANT_CONVERSION = YES;
				CLANG_WARN_DEPRECATED_OBJC_IMPLEMENTATIONS = YES;
				CLANG_WARN_DIRECT_OBJC_ISA_USAGE = YES_ERROR;
				CLANG_WARN_DOCUMENTATION_COMMENTS = YES;
				CLANG_WARN_EMPTY_BODY = YES;
				CLANG_WARN_ENUM_CONVERSION = YES;
				CLANG_WARN_INFINITE_RECURSION = YES;
				CLANG_WARN_INT_CONVERSION = YES;
				CLANG_WARN_NON_LITERAL_NULL_CONVERSION = YES;
				CLANG_WARN_OBJC_IMPLICIT_RETAIN_SELF = YES;
				CLANG_WARN_OBJC_LITERAL_CONVERSION = YES;
				CLANG_WARN_OBJC_ROOT_CLASS = YES_ERROR;
				CLANG_WARN_QUOTED_INCLUDE_IN_FRAMEWORK_HEADER = YES;
				CLANG_WARN_RANGE_LOOP_ANALYSIS = YES;
				CLANG_WARN_STRICT_PROTOTYPES = YES;
				CLANG_WARN_SUSPICIOUS_MOVE = YES;
				CLANG_WARN_UNGUARDED_AVAILABILITY = YES_AGGRESSIVE;
				CLANG_WARN_UNREACHABLE_CODE = YES;
				CLANG_WARN__DUPLICATE_METHOD_MATCH = YES;
				COPY_PHASE_STRIP = NO;
				DEBUG_INFORMATION_FORMAT = dwarf;
				ENABLE_STRICT_OBJC_MSGSEND = YES;
				ENABLE_TESTABILITY = YES;
				GCC_C_LANGUAGE_STANDARD = gnu11;
				GCC_DYNAMIC_NO_PIC = NO;
				GCC_NO_COMMON_BLOCKS = YES;
				GCC_OPTIMIZATION_LEVEL = 0;
				GCC_PREPROCESSOR_DEFINITIONS = (
					"DEBUG=1",
					"$(inherited)",
				);
				GCC_WARN_64_TO_32_BIT_CONVERSION = YES;
				GCC_WARN_ABOUT_RETURN_TYPE = YES_ERROR;
				GCC_WARN_UNDECLARED_SELECTOR = YES;
				GCC_WARN_UNINITIALIZED_AUTOS = YES_AGGRESSIVE;
				GCC_WARN_UNUSED_FUNCTION = YES;
				GCC_WARN_UNUSED_VARIABLE = YES;
				MACOSX_DEPLOYMENT_TARGET = 12.3;
				MTL_ENABLE_DEBUG_INFO = INCLUDE_SOURCE;
				MTL_FAST_MATH = YES;
				ONLY_ACTIVE_ARCH = YES;
				SDKROOT = macosx;
			};
			name = Debug;
		};
		A87F65E32B3147CA00CF380B /* Release */ = {
			isa = XCBuildConfiguration;
			buildSettings = {
				ALWAYS_SEARCH_USER_PATHS = NO;
				CLANG_ANALYZER_NONNULL = YES;
				CLANG_ANALYZER_NUMBER_OBJECT_CONVERSION = YES_AGGRESSIVE;
				CLANG_CXX_LANGUAGE_STANDARD = "gnu++20";
				CLANG_ENABLE_MODULES = YES;
				CLANG_ENABLE_OBJC_ARC = YES;
				CLANG_ENABLE_OBJC_WEAK = YES;
				CLANG_WARN_BLOCK_CAPTURE_AUTORELEASING = YES;
				CLANG_WARN_BOOL_CONVERSION = YES;
				CLANG_WARN_COMMA = YES;
				CLANG_WARN_CONSTANT_CONVERSION = YES;
				CLANG_WARN_DEPRECATED_OBJC_IMPLEMENTATIONS = YES;
				CLANG_WARN_DIRECT_OBJC_ISA_USAGE = YES_ERROR;
				CLANG_WARN_DOCUMENTATION_COMMENTS = YES;
				CLANG_WARN_EMPTY_BODY = YES;
				CLANG_WARN_ENUM_CONVERSION = YES;
				CLANG_WARN_INFINITE_RECURSION = YES;
				CLANG_WARN_INT_CONVERSION = YES;
				CLANG_WARN_NON_LITERAL_NULL_CONVERSION = YES;
				CLANG_WARN_OBJC_IMPLICIT_RETAIN_SELF = YES;
				CLANG_WARN_OBJC_LITERAL_CONVERSION = YES;
				CLANG_WARN_OBJC_ROOT_CLASS = YES_ERROR;
				CLANG_WARN_QUOTED_INCLUDE_IN_FRAMEWORK_HEADER = YES;
				CLANG_WARN_RANGE_LOOP_ANALYSIS = YES;
				CLANG_WARN_STRICT_PROTOTYPES = YES;
				CLANG_WARN_SUSPICIOUS_MOVE = YES;
				CLANG_WARN_UNGUARDED_AVAILABILITY = YES_AGGRESSIVE;
				CLANG_WARN_UNREACHABLE_CODE = YES;
				CLANG_WARN__DUPLICATE_METHOD_MATCH = YES;
				COPY_PHASE_STRIP = NO;
				DEBUG_INFORMATION_FORMAT = "dwarf-with-dsym";
				ENABLE_NS_ASSERTIONS = NO;
				ENABLE_STRICT_OBJC_MSGSEND = YES;
				GCC_C_LANGUAGE_STANDARD = gnu11;
				GCC_NO_COMMON_BLOCKS = YES;
				GCC_WARN_64_TO_32_BIT_CONVERSION = YES;
				GCC_WARN_ABOUT_RETURN_TYPE = YES_ERROR;
				GCC_WARN_UNDECLARED_SELECTOR = YES;
				GCC_WARN_UNINITIALIZED_AUTOS = YES_AGGRESSIVE;
				GCC_WARN_UNUSED_FUNCTION = YES;
				GCC_WARN_UNUSED_VARIABLE = YES;
				MACOSX_DEPLOYMENT_TARGET = 12.3;
				MTL_ENABLE_DEBUG_INFO = NO;
				MTL_FAST_MATH = YES;
				SDKROOT = macosx;
			};
			name = Release;
		};
		A87F65E52B3147CA00CF380B /* Debug */ = {
			isa = XCBuildConfiguration;
			baseConfigurationReference = C73809A0133C20B527560E97 /* Pods-ChannelResignTool.debug.xcconfig */;
			buildSettings = {
				ASSETCATALOG_COMPILER_APPICON_NAME = AppIcon;
				ASSETCATALOG_COMPILER_GLOBAL_ACCENT_COLOR_NAME = AccentColor;
				ASSETCATALOG_COMPILER_INCLUDE_ALL_APPICON_ASSETS = NO;
				CODE_SIGN_ENTITLEMENTS = ChannelResignTool/ChannelResignTool.entitlements;
				CODE_SIGN_IDENTITY = "-";
				CODE_SIGN_STYLE = Manual;
				COMBINE_HIDPI_IMAGES = YES;
				CURRENT_PROJECT_VERSION = 1;
				DEVELOPMENT_TEAM = "";
				ENABLE_HARDENED_RUNTIME = YES;
				GCC_PRECOMPILE_PREFIX_HEADER = NO;
				GCC_PREFIX_HEADER = "";
				GENERATE_INFOPLIST_FILE = YES;
				INFOPLIST_KEY_CFBundleDisplayName = "渠道出包工具";
				INFOPLIST_KEY_LSUIElement = YES;
				INFOPLIST_KEY_NSHumanReadableCopyright = "";
				INFOPLIST_KEY_NSMainStoryboardFile = Main;
				INFOPLIST_KEY_NSPrincipalClass = NSApplication;
				INFOPLIST_KEY_UILaunchStoryboardName = Main.storyboard;
				LD_RUNPATH_SEARCH_PATHS = (
					"$(inherited)",
					"@executable_path/../Frameworks",
				);
				MACOSX_DEPLOYMENT_TARGET = 10.12;
				MARKETING_VERSION = 1.0;
				PRODUCT_BUNDLE_IDENTIFIER = com.zc.ChannelResignTool;
				PRODUCT_NAME = "$(TARGET_NAME)";
				PROVISIONING_PROFILE_SPECIFIER = "";
				SWIFT_EMIT_LOC_STRINGS = YES;
			};
			name = Debug;
		};
		A87F65E62B3147CA00CF380B /* Release */ = {
			isa = XCBuildConfiguration;
			baseConfigurationReference = AAC1D8F0AFF9DB3AE2FC8C82 /* Pods-ChannelResignTool.release.xcconfig */;
			buildSettings = {
				ASSETCATALOG_COMPILER_APPICON_NAME = AppIcon;
				ASSETCATALOG_COMPILER_GLOBAL_ACCENT_COLOR_NAME = AccentColor;
				ASSETCATALOG_COMPILER_INCLUDE_ALL_APPICON_ASSETS = NO;
				CODE_SIGN_ENTITLEMENTS = ChannelResignTool/ChannelResignTool.entitlements;
				CODE_SIGN_IDENTITY = "-";
				CODE_SIGN_STYLE = Manual;
				COMBINE_HIDPI_IMAGES = YES;
				CURRENT_PROJECT_VERSION = 1;
				DEVELOPMENT_TEAM = "";
				ENABLE_HARDENED_RUNTIME = YES;
				GCC_PRECOMPILE_PREFIX_HEADER = NO;
				GCC_PREFIX_HEADER = "";
				GENERATE_INFOPLIST_FILE = YES;
				INFOPLIST_KEY_CFBundleDisplayName = "渠道出包工具";
				INFOPLIST_KEY_LSUIElement = YES;
				INFOPLIST_KEY_NSHumanReadableCopyright = "";
				INFOPLIST_KEY_NSMainStoryboardFile = Main;
				INFOPLIST_KEY_NSPrincipalClass = NSApplication;
				INFOPLIST_KEY_UILaunchStoryboardName = Main.storyboard;
				LD_RUNPATH_SEARCH_PATHS = (
					"$(inherited)",
					"@executable_path/../Frameworks",
				);
				MACOSX_DEPLOYMENT_TARGET = 10.12;
				MARKETING_VERSION = 1.0;
				PRODUCT_BUNDLE_IDENTIFIER = com.zc.ChannelResignTool;
				PRODUCT_NAME = "$(TARGET_NAME)";
				PROVISIONING_PROFILE_SPECIFIER = "";
				SWIFT_EMIT_LOC_STRINGS = YES;
			};
			name = Release;
		};
/* End XCBuildConfiguration section */

/* Begin XCConfigurationList section */
		A87F65CC2B3147C900CF380B /* Build configuration list for PBXProject "ChannelResignTool" */ = {
			isa = XCConfigurationList;
			buildConfigurations = (
				A87F65E22B3147CA00CF380B /* Debug */,
				A87F65E32B3147CA00CF380B /* Release */,
			);
			defaultConfigurationIsVisible = 0;
			defaultConfigurationName = Release;
		};
		A87F65E42B3147CA00CF380B /* Build configuration list for PBXNativeTarget "ChannelResignTool" */ = {
			isa = XCConfigurationList;
			buildConfigurations = (
				A87F65E52B3147CA00CF380B /* Debug */,
				A87F65E62B3147CA00CF380B /* Release */,
			);
			defaultConfigurationIsVisible = 0;
			defaultConfigurationName = Release;
		};
/* End XCConfigurationList section */
	};
	rootObject = A87F65C92B3147C900CF380B /* Project object */;
}
